// !$*UTF8*$!
{
	archiveVersion = 1;
	classes = {
	};
	objectVersion = 56;
	objects = {

/* Begin PBXBuildFile section */
		05C80D162A17B22700FF28BA /* AppDelegate.swift in Sources */ = {isa = PBXBuildFile; fileRef = 05C80D152A17B22700FF28BA /* AppDelegate.swift */; };
		05C80D182A17B22700FF28BA /* SceneDelegate.swift in Sources */ = {isa = PBXBuildFile; fileRef = 05C80D172A17B22700FF28BA /* SceneDelegate.swift */; };
		05C80D1A2A17B22700FF28BA /* ViewController.swift in Sources */ = {isa = PBXBuildFile; fileRef = 05C80D192A17B22700FF28BA /* ViewController.swift */; };
		05C80D1D2A17B22700FF28BA /* Main.storyboard in Resources */ = {isa = PBXBuildFile; fileRef = 05C80D1B2A17B22700FF28BA /* Main.storyboard */; };
		05C80D202A17B22700FF28BA /* Practica1.xcdatamodeld in Sources */ = {isa = PBXBuildFile; fileRef = 05C80D1E2A17B22700FF28BA /* Practica1.xcdatamodeld */; };
		05C80D222A17B22A00FF28BA /* Assets.xcassets in Resources */ = {isa = PBXBuildFile; fileRef = 05C80D212A17B22A00FF28BA /* Assets.xcassets */; };
		05C80D252A17B22A00FF28BA /* LaunchScreen.storyboard in Resources */ = {isa = PBXBuildFile; fileRef = 05C80D232A17B22A00FF28BA /* LaunchScreen.storyboard */; };
		05C80D302A17B22B00FF28BA /* Practica1Tests.swift in Sources */ = {isa = PBXBuildFile; fileRef = 05C80D2F2A17B22B00FF28BA /* Practica1Tests.swift */; };
		05C80D3A2A17B22B00FF28BA /* Practica1UITests.swift in Sources */ = {isa = PBXBuildFile; fileRef = 05C80D392A17B22B00FF28BA /* Practica1UITests.swift */; };
		05C80D3C2A17B22B00FF28BA /* Practica1UITestsLaunchTests.swift in Sources */ = {isa = PBXBuildFile; fileRef = 05C80D3B2A17B22B00FF28BA /* Practica1UITestsLaunchTests.swift */; };
/* End PBXBuildFile section */

/* Begin PBXContainerItemProxy section */
		05C80D2C2A17B22B00FF28BA /* PBXContainerItemProxy */ = {
			isa = PBXContainerItemProxy;
			containerPortal = 05C80D0A2A17B22700FF28BA /* Project object */;
			proxyType = 1;
			remoteGlobalIDString = 05C80D112A17B22700FF28BA;
			remoteInfo = Practica1;
		};
		05C80D362A17B22B00FF28BA /* PBXContainerItemProxy */ = {
			isa = PBXContainerItemProxy;
			containerPortal = 05C80D0A2A17B22700FF28BA /* Project object */;
			proxyType = 1;
			remoteGlobalIDString = 05C80D112A17B22700FF28BA;
			remoteInfo = Practica1;
		};
/* End PBXContainerItemProxy section */

/* Begin PBXFileReference section */
		05C80D122A17B22700FF28BA /* Practica1.app */ = {isa = PBXFileReference; explicitFileType = wrapper.application; includeInIndex = 0; path = Practica1.app; sourceTree = BUILT_PRODUCTS_DIR; };
		05C80D152A17B22700FF28BA /* AppDelegate.swift */ = {isa = PBXFileReference; lastKnownFileType = sourcecode.swift; path = AppDelegate.swift; sourceTree = "<group>"; };
		05C80D172A17B22700FF28BA /* SceneDelegate.swift */ = {isa = PBXFileReference; lastKnownFileType = sourcecode.swift; path = SceneDelegate.swift; sourceTree = "<group>"; };
		05C80D192A17B22700FF28BA /* ViewController.swift */ = {isa = PBXFileReference; lastKnownFileType = sourcecode.swift; path = ViewController.swift; sourceTree = "<group>"; };
		05C80D1C2A17B22700FF28BA /* Base */ = {isa = PBXFileReference; lastKnownFileType = file.storyboard; name = Base; path = Base.lproj/Main.storyboard; sourceTree = "<group>"; };
		05C80D1F2A17B22700FF28BA /* Practica1.xcdatamodel */ = {isa = PBXFileReference; lastKnownFileType = wrapper.xcdatamodel; path = Practica1.xcdatamodel; sourceTree = "<group>"; };
		05C80D212A17B22A00FF28BA /* Assets.xcassets */ = {isa = PBXFileReference; lastKnownFileType = folder.assetcatalog; path = Assets.xcassets; sourceTree = "<group>"; };
		05C80D242A17B22A00FF28BA /* Base */ = {isa = PBXFileReference; lastKnownFileType = file.storyboard; name = Base; path = Base.lproj/LaunchScreen.storyboard; sourceTree = "<group>"; };
		05C80D262A17B22A00FF28BA /* Info.plist */ = {isa = PBXFileReference; lastKnownFileType = text.plist.xml; path = Info.plist; sourceTree = "<group>"; };
		05C80D2B2A17B22B00FF28BA /* Practica1Tests.xctest */ = {isa = PBXFileReference; explicitFileType = wrapper.cfbundle; includeInIndex = 0; path = Practica1Tests.xctest; sourceTree = BUILT_PRODUCTS_DIR; };
		05C80D2F2A17B22B00FF28BA /* Practica1Tests.swift */ = {isa = PBXFileReference; lastKnownFileType = sourcecode.swift; path = Practica1Tests.swift; sourceTree = "<group>"; };
		05C80D352A17B22B00FF28BA /* Practica1UITests.xctest */ = {isa = PBXFileReference; explicitFileType = wrapper.cfbundle; includeInIndex = 0; path = Practica1UITests.xctest; sourceTree = BUILT_PRODUCTS_DIR; };
		05C80D392A17B22B00FF28BA /* Practica1UITests.swift */ = {isa = PBXFileReference; lastKnownFileType = sourcecode.swift; path = Practica1UITests.swift; sourceTree = "<group>"; };
		05C80D3B2A17B22B00FF28BA /* Practica1UITestsLaunchTests.swift */ = {isa = PBXFileReference; lastKnownFileType = sourcecode.swift; path = Practica1UITestsLaunchTests.swift; sourceTree = "<group>"; };
/* End PBXFileReference section */

/* Begin PBXFrameworksBuildPhase section */
		05C80D0F2A17B22700FF28BA /* Frameworks */ = {
			isa = PBXFrameworksBuildPhase;
			buildActionMask = 2147483647;
			files = (
			);
			runOnlyForDeploymentPostprocessing = 0;
		};
		05C80D282A17B22B00FF28BA /* Frameworks */ = {
			isa = PBXFrameworksBuildPhase;
			buildActionMask = 2147483647;
			files = (
			);
			runOnlyForDeploymentPostprocessing = 0;
		};
		05C80D322A17B22B00FF28BA /* Frameworks */ = {
			isa = PBXFrameworksBuildPhase;
			buildActionMask = 2147483647;
			files = (
			);
			runOnlyForDeploymentPostprocessing = 0;
		};
/* End PBXFrameworksBuildPhase section */

/* Begin PBXGroup section */
		05C80D092A17B22700FF28BA = {
			isa = PBXGroup;
			children = (
				05C80D142A17B22700FF28BA /* Practica1 */,
				05C80D2E2A17B22B00FF28BA /* Practica1Tests */,
				05C80D382A17B22B00FF28BA /* Practica1UITests */,
				05C80D132A17B22700FF28BA /* Products */,
			);
			sourceTree = "<group>";
		};
		05C80D132A17B22700FF28BA /* Products */ = {
			isa = PBXGroup;
			children = (
				05C80D122A17B22700FF28BA /* Practica1.app */,
				05C80D2B2A17B22B00FF28BA /* Practica1Tests.xctest */,
				05C80D352A17B22B00FF28BA /* Practica1UITests.xctest */,
			);
			name = Products;
			sourceTree = "<group>";
		};
		05C80D142A17B22700FF28BA /* Practica1 */ = {
			isa = PBXGroup;
			children = (
				05C80D152A17B22700FF28BA /* AppDelegate.swift */,
				05C80D172A17B22700FF28BA /* SceneDelegate.swift */,
				05C80D192A17B22700FF28BA /* ViewController.swift */,
				05C80D1B2A17B22700FF28BA /* Main.storyboard */,
				05C80D212A17B22A00FF28BA /* Assets.xcassets */,
				05C80D232A17B22A00FF28BA /* LaunchScreen.storyboard */,
				05C80D262A17B22A00FF28BA /* Info.plist */,
				05C80D1E2A17B22700FF28BA /* Practica1.xcdatamodeld */,
			);
			path = Practica1;
			sourceTree = "<group>";
		};
		05C80D2E2A17B22B00FF28BA /* Practica1Tests */ = {
			isa = PBXGroup;
			children = (
				05C80D2F2A17B22B00FF28BA /* Practica1Tests.swift */,
			);
			path = Practica1Tests;
			sourceTree = "<group>";
		};
		05C80D382A17B22B00FF28BA /* Practica1UITests */ = {
			isa = PBXGroup;
			children = (
				05C80D392A17B22B00FF28BA /* Practica1UITests.swift */,
				05C80D3B2A17B22B00FF28BA /* Practica1UITestsLaunchTests.swift */,
			);
			path = Practica1UITests;
			sourceTree = "<group>";
		};
/* End PBXGroup section */

/* Begin PBXNativeTarget section */
		05C80D112A17B22700FF28BA /* Practica1 */ = {
			isa = PBXNativeTarget;
			buildConfigurationList = 05C80D3F2A17B22B00FF28BA /* Build configuration list for PBXNativeTarget "Practica1" */;
			buildPhases = (
				05C80D0E2A17B22700FF28BA /* Sources */,
				05C80D0F2A17B22700FF28BA /* Frameworks */,
				05C80D102A17B22700FF28BA /* Resources */,
			);
			buildRules = (
			);
			dependencies = (
			);
			name = Practica1;
			productName = Practica1;
			productReference = 05C80D122A17B22700FF28BA /* Practica1.app */;
			productType = "com.apple.product-type.application";
		};
		05C80D2A2A17B22B00FF28BA /* Practica1Tests */ = {
			isa = PBXNativeTarget;
			buildConfigurationList = 05C80D422A17B22B00FF28BA /* Build configuration list for PBXNativeTarget "Practica1Tests" */;
			buildPhases = (
				05C80D272A17B22B00FF28BA /* Sources */,
				05C80D282A17B22B00FF28BA /* Frameworks */,
				05C80D292A17B22B00FF28BA /* Resources */,
			);
			buildRules = (
			);
			dependencies = (
				05C80D2D2A17B22B00FF28BA /* PBXTargetDependency */,
			);
			name = Practica1Tests;
			productName = Practica1Tests;
			productReference = 05C80D2B2A17B22B00FF28BA /* Practica1Tests.xctest */;
			productType = "com.apple.product-type.bundle.unit-test";
		};
		05C80D342A17B22B00FF28BA /* Practica1UITests */ = {
			isa = PBXNativeTarget;
			buildConfigurationList = 05C80D452A17B22B00FF28BA /* Build configuration list for PBXNativeTarget "Practica1UITests" */;
			buildPhases = (
				05C80D312A17B22B00FF28BA /* Sources */,
				05C80D322A17B22B00FF28BA /* Frameworks */,
				05C80D332A17B22B00FF28BA /* Resources */,
			);
			buildRules = (
			);
			dependencies = (
				05C80D372A17B22B00FF28BA /* PBXTargetDependency */,
			);
			name = Practica1UITests;
			productName = Practica1UITests;
			productReference = 05C80D352A17B22B00FF28BA /* Practica1UITests.xctest */;
			productType = "com.apple.product-type.bundle.ui-testing";
		};
/* End PBXNativeTarget section */

/* Begin PBXProject section */
		05C80D0A2A17B22700FF28BA /* Project object */ = {
			isa = PBXProject;
			attributes = {
				BuildIndependentTargetsInParallel = 1;
				LastSwiftUpdateCheck = 1430;
				LastUpgradeCheck = 1430;
				TargetAttributes = {
					05C80D112A17B22700FF28BA = {
						CreatedOnToolsVersion = 14.3;
					};
					05C80D2A2A17B22B00FF28BA = {
						CreatedOnToolsVersion = 14.3;
						TestTargetID = 05C80D112A17B22700FF28BA;
					};
					05C80D342A17B22B00FF28BA = {
						CreatedOnToolsVersion = 14.3;
						TestTargetID = 05C80D112A17B22700FF28BA;
					};
				};
			};
			buildConfigurationList = 05C80D0D2A17B22700FF28BA /* Build configuration list for PBXProject "Practica1" */;
			compatibilityVersion = "Xcode 14.0";
			developmentRegion = en;
			hasScannedForEncodings = 0;
			knownRegions = (
				en,
				Base,
			);
			mainGroup = 05C80D092A17B22700FF28BA;
			productRefGroup = 05C80D132A17B22700FF28BA /* Products */;
			projectDirPath = "";
			projectRoot = "";
			targets = (
				05C80D112A17B22700FF28BA /* Practica1 */,
				05C80D2A2A17B22B00FF28BA /* Practica1Tests */,
				05C80D342A17B22B00FF28BA /* Practica1UITests */,
			);
		};
/* End PBXProject section */

/* Begin PBXResourcesBuildPhase section */
		05C80D102A17B22700FF28BA /* Resources */ = {
			isa = PBXResourcesBuildPhase;
			buildActionMask = 2147483647;
			files = (
				05C80D252A17B22A00FF28BA /* LaunchScreen.storyboard in Resources */,
				05C80D222A17B22A00FF28BA /* Assets.xcassets in Resources */,
				05C80D1D2A17B22700FF28BA /* Main.storyboard in Resources */,
			);
			runOnlyForDeploymentPostprocessing = 0;
		};
		05C80D292A17B22B00FF28BA /* Resources */ = {
			isa = PBXResourcesBuildPhase;
			buildActionMask = 2147483647;
			files = (
			);
			runOnlyForDeploymentPostprocessing = 0;
		};
		05C80D332A17B22B00FF28BA /* Resources */ = {
			isa = PBXResourcesBuildPhase;
			buildActionMask = 2147483647;
			files = (
			);
			runOnlyForDeploymentPostprocessing = 0;
		};
/* End PBXResourcesBuildPhase section */

/* Begin PBXSourcesBuildPhase section */
		05C80D0E2A17B22700FF28BA /* Sources */ = {
			isa = PBXSourcesBuildPhase;
			buildActionMask = 2147483647;
			files = (
				05C80D1A2A17B22700FF28BA /* ViewController.swift in Sources */,
				05C80D162A17B22700FF28BA /* AppDelegate.swift in Sources */,
				05C80D202A17B22700FF28BA /* Practica1.xcdatamodeld in Sources */,
				05C80D182A17B22700FF28BA /* SceneDelegate.swift in Sources */,
			);
			runOnlyForDeploymentPostprocessing = 0;
		};
		05C80D272A17B22B00FF28BA /* Sources */ = {
			isa = PBXSourcesBuildPhase;
			buildActionMask = 2147483647;
			files = (
				05C80D302A17B22B00FF28BA /* Practica1Tests.swift in Sources */,
			);
			runOnlyForDeploymentPostprocessing = 0;
		};
		05C80D312A17B22B00FF28BA /* Sources */ = {
			isa = PBXSourcesBuildPhase;
			buildActionMask = 2147483647;
			files = (
				05C80D3A2A17B22B00FF28BA /* Practica1UITests.swift in Sources */,
				05C80D3C2A17B22B00FF28BA /* Practica1UITestsLaunchTests.swift in Sources */,
			);
			runOnlyForDeploymentPostprocessing = 0;
		};
/* End PBXSourcesBuildPhase section */

/* Begin PBXTargetDependency section */
		05C80D2D2A17B22B00FF28BA /* PBXTargetDependency */ = {
			isa = PBXTargetDependency;
			target = 05C80D112A17B22700FF28BA /* Practica1 */;
			targetProxy = 05C80D2C2A17B22B00FF28BA /* PBXContainerItemProxy */;
		};
		05C80D372A17B22B00FF28BA /* PBXTargetDependency */ = {
			isa = PBXTargetDependency;
			target = 05C80D112A17B22700FF28BA /* Practica1 */;
			targetProxy = 05C80D362A17B22B00FF28BA /* PBXContainerItemProxy */;
		};
/* End PBXTargetDependency section */

/* Begin PBXVariantGroup section */
		05C80D1B2A17B22700FF28BA /* Main.storyboard */ = {
			isa = PBXVariantGroup;
			children = (
				05C80D1C2A17B22700FF28BA /* Base */,
			);
			name = Main.storyboard;
			sourceTree = "<group>";
		};
		05C80D232A17B22A00FF28BA /* LaunchScreen.storyboard */ = {
			isa = PBXVariantGroup;
			children = (
				05C80D242A17B22A00FF28BA /* Base */,
			);
			name = LaunchScreen.storyboard;
			sourceTree = "<group>";
		};
/* End PBXVariantGroup section */

/* Begin XCBuildConfiguration section */
		05C80D3D2A17B22B00FF28BA /* Debug */ = {
			isa = XCBuildConfiguration;
			buildSettings = {
				ALWAYS_SEARCH_USER_PATHS = NO;
				CLANG_ANALYZER_NONNULL = YES;
				CLANG_ANALYZER_NUMBER_OBJECT_CONVERSION = YES_AGGRESSIVE;
				CLANG_CXX_LANGUAGE_STANDARD = "gnu++20";
				CLANG_ENABLE_MODULES = YES;
				CLANG_ENABLE_OBJC_ARC = YES;
				CLANG_ENABLE_OBJC_WEAK = YES;
				CLANG_WARN_BLOCK_CAPTURE_AUTORELEASING = YES;
				CLANG_WARN_BOOL_CONVERSION = YES;
				CLANG_WARN_COMMA = YES;
				CLANG_WARN_CONSTANT_CONVERSION = YES;
				CLANG_WARN_DEPRECATED_OBJC_IMPLEMENTATIONS = YES;
				CLANG_WARN_DIRECT_OBJC_ISA_USAGE = YES_ERROR;
				CLANG_WARN_DOCUMENTATION_COMMENTS = YES;
				CLANG_WARN_EMPTY_BODY = YES;
				CLANG_WARN_ENUM_CONVERSION = YES;
				CLANG_WARN_INFINITE_RECURSION = YES;
				CLANG_WARN_INT_CONVERSION = YES;
				CLANG_WARN_NON_LITERAL_NULL_CONVERSION = YES;
				CLANG_WARN_OBJC_IMPLICIT_RETAIN_SELF = YES;
				CLANG_WARN_OBJC_LITERAL_CONVERSION = YES;
				CLANG_WARN_OBJC_ROOT_CLASS = YES_ERROR;
				CLANG_WARN_QUOTED_INCLUDE_IN_FRAMEWORK_HEADER = YES;
				CLANG_WARN_RANGE_LOOP_ANALYSIS = YES;
				CLANG_WARN_STRICT_PROTOTYPES = YES;
				CLANG_WARN_SUSPICIOUS_MOVE = YES;
				CLANG_WARN_UNGUARDED_AVAILABILITY = YES_AGGRESSIVE;
				CLANG_WARN_UNREACHABLE_CODE = YES;
				CLANG_WARN__DUPLICATE_METHOD_MATCH = YES;
				COPY_PHASE_STRIP = NO;
				DEBUG_INFORMATION_FORMAT = dwarf;
				ENABLE_STRICT_OBJC_MSGSEND = YES;
				ENABLE_TESTABILITY = YES;
				GCC_C_LANGUAGE_STANDARD = gnu11;
				GCC_DYNAMIC_NO_PIC = NO;
				GCC_NO_COMMON_BLOCKS = YES;
				GCC_OPTIMIZATION_LEVEL = 0;
				GCC_PREPROCESSOR_DEFINITIONS = (
					"DEBUG=1",
					"$(inherited)",
				);
				GCC_WARN_64_TO_32_BIT_CONVERSION = YES;
				GCC_WARN_ABOUT_RETURN_TYPE = YES_ERROR;
				GCC_WARN_UNDECLARED_SELECTOR = YES;
				GCC_WARN_UNINITIALIZED_AUTOS = YES_AGGRESSIVE;
				GCC_WARN_UNUSED_FUNCTION = YES;
				GCC_WARN_UNUSED_VARIABLE = YES;
				IPHONEOS_DEPLOYMENT_TARGET = 16.4;
				MTL_ENABLE_DEBUG_INFO = INCLUDE_SOURCE;
				MTL_FAST_MATH = YES;
				ONLY_ACTIVE_ARCH = YES;
				SDKROOT = iphoneos;
				SWIFT_ACTIVE_COMPILATION_CONDITIONS = DEBUG;
				SWIFT_OPTIMIZATION_LEVEL = "-Onone";
			};
			name = Debug;
		};
		05C80D3E2A17B22B00FF28BA /* Release */ = {
			isa = XCBuildConfiguration;
			buildSettings = {
				ALWAYS_SEARCH_USER_PATHS = NO;
				CLANG_ANALYZER_NONNULL = YES;
				CLANG_ANALYZER_NUMBER_OBJECT_CONVERSION = YES_AGGRESSIVE;
				CLANG_CXX_LANGUAGE_STANDARD = "gnu++20";
				CLANG_ENABLE_MODULES = YES;
				CLANG_ENABLE_OBJC_ARC = YES;
				CLANG_ENABLE_OBJC_WEAK = YES;
				CLANG_WARN_BLOCK_CAPTURE_AUTORELEASING = YES;
				CLANG_WARN_BOOL_CONVERSION = YES;
				CLANG_WARN_COMMA = YES;
				CLANG_WARN_CONSTANT_CONVERSION = YES;
				CLANG_WARN_DEPRECATED_OBJC_IMPLEMENTATIONS = YES;
				CLANG_WARN_DIRECT_OBJC_ISA_USAGE = YES_ERROR;
				CLANG_WARN_DOCUMENTATION_COMMENTS = YES;
				CLANG_WARN_EMPTY_BODY = YES;
				CLANG_WARN_ENUM_CONVERSION = YES;
				CLANG_WARN_INFINITE_RECURSION = YES;
				CLANG_WARN_INT_CONVERSION = YES;
				CLANG_WARN_NON_LITERAL_NULL_CONVERSION = YES;
				CLANG_WARN_OBJC_IMPLICIT_RETAIN_SELF = YES;
				CLANG_WARN_OBJC_LITERAL_CONVERSION = YES;
				CLANG_WARN_OBJC_ROOT_CLASS = YES_ERROR;
				CLANG_WARN_QUOTED_INCLUDE_IN_FRAMEWORK_HEADER = YES;
				CLANG_WARN_RANGE_LOOP_ANALYSIS = YES;
				CLANG_WARN_STRICT_PROTOTYPES = YES;
				CLANG_WARN_SUSPICIOUS_MOVE = YES;
				CLANG_WARN_UNGUARDED_AVAILABILITY = YES_AGGRESSIVE;
				CLANG_WARN_UNREACHABLE_CODE = YES;
				CLANG_WARN__DUPLICATE_METHOD_MATCH = YES;
				COPY_PHASE_STRIP = NO;
				DEBUG_INFORMATION_FORMAT = "dwarf-with-dsym";
				ENABLE_NS_ASSERTIONS = NO;
				ENABLE_STRICT_OBJC_MSGSEND = YES;
				GCC_C_LANGUAGE_STANDARD = gnu11;
				GCC_NO_COMMON_BLOCKS = YES;
				GCC_WARN_64_TO_32_BIT_CONVERSION = YES;
				GCC_WARN_ABOUT_RETURN_TYPE = YES_ERROR;
				GCC_WARN_UNDECLARED_SELECTOR = YES;
				GCC_WARN_UNINITIALIZED_AUTOS = YES_AGGRESSIVE;
				GCC_WARN_UNUSED_FUNCTION = YES;
				GCC_WARN_UNUSED_VARIABLE = YES;
				IPHONEOS_DEPLOYMENT_TARGET = 16.4;
				MTL_ENABLE_DEBUG_INFO = NO;
				MTL_FAST_MATH = YES;
				SDKROOT = iphoneos;
				SWIFT_COMPILATION_MODE = wholemodule;
				SWIFT_OPTIMIZATION_LEVEL = "-O";
				VALIDATE_PRODUCT = YES;
			};
			name = Release;
		};
		05C80D402A17B22B00FF28BA /* Debug */ = {
			isa = XCBuildConfiguration;
			buildSettings = {
				ASSETCATALOG_COMPILER_APPICON_NAME = AppIcon;
				ASSETCATALOG_COMPILER_GLOBAL_ACCENT_COLOR_NAME = AccentColor;
				CODE_SIGN_STYLE = Automatic;
				CURRENT_PROJECT_VERSION = 1;
				DEVELOPMENT_TEAM = RKSDQS5LFB;
				GENERATE_INFOPLIST_FILE = YES;
				INFOPLIST_FILE = Practica1/Info.plist;
				INFOPLIST_KEY_UIApplicationSupportsIndirectInputEvents = YES;
				INFOPLIST_KEY_UILaunchStoryboardName = LaunchScreen;
				INFOPLIST_KEY_UIMainStoryboardFile = Main;
				INFOPLIST_KEY_UISupportedInterfaceOrientations_iPad = "UIInterfaceOrientationPortrait UIInterfaceOrientationPortraitUpsideDown UIInterfaceOrientationLandscapeLeft UIInterfaceOrientationLandscapeRight";
				INFOPLIST_KEY_UISupportedInterfaceOrientations_iPhone = "UIInterfaceOrientationPortrait UIInterfaceOrientationLandscapeLeft UIInterfaceOrientationLandscapeRight";
				LD_RUNPATH_SEARCH_PATHS = (
					"$(inherited)",
					"@executable_path/Frameworks",
				);
				MARKETING_VERSION = 1.0;
				PRODUCT_BUNDLE_IDENTIFIER = josebaitu.Practica1;
				PRODUCT_NAME = "$(TARGET_NAME)";
				SWIFT_EMIT_LOC_STRINGS = YES;
				SWIFT_VERSION = 5.0;
				TARGETED_DEVICE_FAMILY = "1,2";
			};
			name = Debug;
		};
		05C80D412A17B22B00FF28BA /* Release */ = {
			isa = XCBuildConfiguration;
			buildSettings = {
				ASSETCATALOG_COMPILER_APPICON_NAME = AppIcon;
				ASSETCATALOG_COMPILER_GLOBAL_ACCENT_COLOR_NAME = AccentColor;
				CODE_SIGN_STYLE = Automatic;
				CURRENT_PROJECT_VERSION = 1;
				DEVELOPMENT_TEAM = RKSDQS5LFB;
				GENERATE_INFOPLIST_FILE = YES;
				INFOPLIST_FILE = Practica1/Info.plist;
				INFOPLIST_KEY_UIApplicationSupportsIndirectInputEvents = YES;
				INFOPLIST_KEY_UILaunchStoryboardName = LaunchScreen;
				INFOPLIST_KEY_UIMainStoryboardFile = Main;
				INFOPLIST_KEY_UISupportedInterfaceOrientations_iPad = "UIInterfaceOrientationPortrait UIInterfaceOrientationPortraitUpsideDown UIInterfaceOrientationLandscapeLeft UIInterfaceOrientationLandscapeRight";
				INFOPLIST_KEY_UISupportedInterfaceOrientations_iPhone = "UIInterfaceOrientationPortrait UIInterfaceOrientationLandscapeLeft UIInterfaceOrientationLandscapeRight";
				LD_RUNPATH_SEARCH_PATHS = (
					"$(inherited)",
					"@executable_path/Frameworks",
				);
				MARKETING_VERSION = 1.0;
				PRODUCT_BUNDLE_IDENTIFIER = josebaitu.Practica1;
				PRODUCT_NAME = "$(TARGET_NAME)";
				SWIFT_EMIT_LOC_STRINGS = YES;
				SWIFT_VERSION = 5.0;
				TARGETED_DEVICE_FAMILY = "1,2";
			};
			name = Release;
		};
		05C80D432A17B22B00FF28BA /* Debug */ = {
			isa = XCBuildConfiguration;
			buildSettings = {
				ALWAYS_EMBED_SWIFT_STANDARD_LIBRARIES = YES;
				BUNDLE_LOADER = "$(TEST_HOST)";
				CODE_SIGN_STYLE = Automatic;
				CURRENT_PROJECT_VERSION = 1;
				DEVELOPMENT_TEAM = RKSDQS5LFB;
				GENERATE_INFOPLIST_FILE = YES;
				IPHONEOS_DEPLOYMENT_TARGET = 16.4;
				MARKETING_VERSION = 1.0;
				PRODUCT_BUNDLE_IDENTIFIER = josebaitu.Practica1Tests;
				PRODUCT_NAME = "$(TARGET_NAME)";
				SWIFT_EMIT_LOC_STRINGS = NO;
				SWIFT_VERSION = 5.0;
				TARGETED_DEVICE_FAMILY = "1,2";
				TEST_HOST = "$(BUILT_PRODUCTS_DIR)/Practica1.app/$(BUNDLE_EXECUTABLE_FOLDER_PATH)/Practica1";
			};
			name = Debug;
		};
		05C80D442A17B22B00FF28BA /* Release */ = {
			isa = XCBuildConfiguration;
			buildSettings = {
				ALWAYS_EMBED_SWIFT_STANDARD_LIBRARIES = YES;
				BUNDLE_LOADER = "$(TEST_HOST)";
				CODE_SIGN_STYLE = Automatic;
				CURRENT_PROJECT_VERSION = 1;
				DEVELOPMENT_TEAM = RKSDQS5LFB;
				GENERATE_INFOPLIST_FILE = YES;
				IPHONEOS_DEPLOYMENT_TARGET = 16.4;
				MARKETING_VERSION = 1.0;
				PRODUCT_BUNDLE_IDENTIFIER = josebaitu.Practica1Tests;
				PRODUCT_NAME = "$(TARGET_NAME)";
				SWIFT_EMIT_LOC_STRINGS = NO;
				SWIFT_VERSION = 5.0;
				TARGETED_DEVICE_FAMILY = "1,2";
				TEST_HOST = "$(BUILT_PRODUCTS_DIR)/Practica1.app/$(BUNDLE_EXECUTABLE_FOLDER_PATH)/Practica1";
			};
			name = Release;
		};
		05C80D462A17B22B00FF28BA /* Debug */ = {
			isa = XCBuildConfiguration;
			buildSettings = {
				ALWAYS_EMBED_SWIFT_STANDARD_LIBRARIES = YES;
				CODE_SIGN_STYLE = Automatic;
				CURRENT_PROJECT_VERSION = 1;
				DEVELOPMENT_TEAM = RKSDQS5LFB;
				GENERATE_INFOPLIST_FILE = YES;
				MARKETING_VERSION = 1.0;
				PRODUCT_BUNDLE_IDENTIFIER = josebaitu.Practica1UITests;
				PRODUCT_NAME = "$(TARGET_NAME)";
				SWIFT_EMIT_LOC_STRINGS = NO;
				SWIFT_VERSION = 5.0;
				TARGETED_DEVICE_FAMILY = "1,2";
				TEST_TARGET_NAME = Practica1;
			};
			name = Debug;
		};
		05C80D472A17B22B00FF28BA /* Release */ = {
			isa = XCBuildConfiguration;
			buildSettings = {
				ALWAYS_EMBED_SWIFT_STANDARD_LIBRARIES = YES;
				CODE_SIGN_STYLE = Automatic;
				CURRENT_PROJECT_VERSION = 1;
				DEVELOPMENT_TEAM = RKSDQS5LFB;
				GENERATE_INFOPLIST_FILE = YES;
				MARKETING_VERSION = 1.0;
				PRODUCT_BUNDLE_IDENTIFIER = josebaitu.Practica1UITests;
				PRODUCT_NAME = "$(TARGET_NAME)";
				SWIFT_EMIT_LOC_STRINGS = NO;
				SWIFT_VERSION = 5.0;
				TARGETED_DEVICE_FAMILY = "1,2";
				TEST_TARGET_NAME = Practica1;
			};
			name = Release;
		};
/* End XCBuildConfiguration section */

/* Begin XCConfigurationList section */
		05C80D0D2A17B22700FF28BA /* Build configuration list for PBXProject "Practica1" */ = {
			isa = XCConfigurationList;
			buildConfigurations = (
				05C80D3D2A17B22B00FF28BA /* Debug */,
				05C80D3E2A17B22B00FF28BA /* Release */,
			);
			defaultConfigurationIsVisible = 0;
			defaultConfigurationName = Release;
		};
		05C80D3F2A17B22B00FF28BA /* Build configuration list for PBXNativeTarget "Practica1" */ = {
			isa = XCConfigurationList;
			buildConfigurations = (
				05C80D402A17B22B00FF28BA /* Debug */,
				05C80D412A17B22B00FF28BA /* Release */,
			);
			defaultConfigurationIsVisible = 0;
			defaultConfigurationName = Release;
		};
		05C80D422A17B22B00FF28BA /* Build configuration list for PBXNativeTarget "Practica1Tests" */ = {
			isa = XCConfigurationList;
			buildConfigurations = (
				05C80D432A17B22B00FF28BA /* Debug */,
				05C80D442A17B22B00FF28BA /* Release */,
			);
			defaultConfigurationIsVisible = 0;
			defaultConfigurationName = Release;
		};
		05C80D452A17B22B00FF28BA /* Build configuration list for PBXNativeTarget "Practica1UITests" */ = {
			isa = XCConfigurationList;
			buildConfigurations = (
				05C80D462A17B22B00FF28BA /* Debug */,
				05C80D472A17B22B00FF28BA /* Release */,
			);
			defaultConfigurationIsVisible = 0;
			defaultConfigurationName = Release;
		};
/* End XCConfigurationList section */

/* Begin XCVersionGroup section */
		05C80D1E2A17B22700FF28BA /* Practica1.xcdatamodeld */ = {
			isa = XCVersionGroup;
			children = (
				05C80D1F2A17B22700FF28BA /* Practica1.xcdatamodel */,
			);
			currentVersion = 05C80D1F2A17B22700FF28BA /* Practica1.xcdatamodel */;
			path = Practica1.xcdatamodeld;
			sourceTree = "<group>";
			versionGroupType = wrapper.xcdatamodel;
		};
/* End XCVersionGroup section */
	};
	rootObject = 05C80D0A2A17B22700FF28BA /* Project object */;
}
